// !$*UTF8*$!
{
	archiveVersion = 1;
	classes = {
	};
	objectVersion = 50;
	objects = {

/* Begin PBXBuildFile section */
		3C12F2CA22E793D5006753B8 /* Forecast.swift in Sources */ = {isa = PBXBuildFile; fileRef = 3C12F2C922E793D5006753B8 /* Forecast.swift */; };
		3C12F2CD22E7AE5B006753B8 /* API.swift in Sources */ = {isa = PBXBuildFile; fileRef = 3C12F2CC22E7AE5B006753B8 /* API.swift */; };
		3C12F2D022E7AE71006753B8 /* WeatherDetailViewController.swift in Sources */ = {isa = PBXBuildFile; fileRef = 3C12F2CE22E7AE71006753B8 /* WeatherDetailViewController.swift */; };
		3C12F2D322E7AF28006753B8 /* MainViewController.swift in Sources */ = {isa = PBXBuildFile; fileRef = 3C12F2D222E7AF28006753B8 /* MainViewController.swift */; };
		3C12F2D622E7B40C006753B8 /* WeatherCollectionViewCell.swift in Sources */ = {isa = PBXBuildFile; fileRef = 3C12F2D422E7B40C006753B8 /* WeatherCollectionViewCell.swift */; };
		3C12F2D722E7B40C006753B8 /* WeatherCollectionViewCell.xib in Resources */ = {isa = PBXBuildFile; fileRef = 3C12F2D522E7B40C006753B8 /* WeatherCollectionViewCell.xib */; };
		3C12F2DB22E7B71E006753B8 /* StateData.swift in Sources */ = {isa = PBXBuildFile; fileRef = 3C12F2DA22E7B71E006753B8 /* StateData.swift */; };
		3C12F2DD22E7BC1A006753B8 /* Location.swift in Sources */ = {isa = PBXBuildFile; fileRef = 3C12F2DC22E7BC1A006753B8 /* Location.swift */; };
		3C12F2E022E7C1B7006753B8 /* LocationViewController.swift in Sources */ = {isa = PBXBuildFile; fileRef = 3C12F2DE22E7C1B7006753B8 /* LocationViewController.swift */; };
		3C12F2E122E7C1B7006753B8 /* LocationViewController.xib in Resources */ = {isa = PBXBuildFile; fileRef = 3C12F2DF22E7C1B7006753B8 /* LocationViewController.xib */; };
		3C12F2E722E7CEB3006753B8 /* RoundedBorderUIButton.swift in Sources */ = {isa = PBXBuildFile; fileRef = 3C12F2E622E7CEB3006753B8 /* RoundedBorderUIButton.swift */; };
		3C12F2E922E7D19D006753B8 /* RoundedColoredBorderUIButton.swift in Sources */ = {isa = PBXBuildFile; fileRef = 3C12F2E822E7D19D006753B8 /* RoundedColoredBorderUIButton.swift */; };
		3C12F2EB22E7DC7B006753B8 /* BaseViewController.swift in Sources */ = {isa = PBXBuildFile; fileRef = 3C12F2EA22E7DC7B006753B8 /* BaseViewController.swift */; };
		3C12F2EE22E7DE9A006753B8 /* url.plist in Resources */ = {isa = PBXBuildFile; fileRef = 3C12F2ED22E7DE9A006753B8 /* url.plist */; };
		3C12F2F022E7E285006753B8 /* ConfigurationManager.swift in Sources */ = {isa = PBXBuildFile; fileRef = 3C12F2EF22E7E285006753B8 /* ConfigurationManager.swift */; };
		3C12F2F222E7FCF6006753B8 /* TimeOfDay.swift in Sources */ = {isa = PBXBuildFile; fileRef = 3C12F2F122E7FCF6006753B8 /* TimeOfDay.swift */; };
		3C12F2F422E7FE72006753B8 /* Temperature.swift in Sources */ = {isa = PBXBuildFile; fileRef = 3C12F2F322E7FE72006753B8 /* Temperature.swift */; };
		3C12F2F922E8036D006753B8 /* Int+Extension.swift in Sources */ = {isa = PBXBuildFile; fileRef = 3C12F2F822E8036D006753B8 /* Int+Extension.swift */; };
		3C32827622E791CE00AF4244 /* AppDelegate.swift in Sources */ = {isa = PBXBuildFile; fileRef = 3C32827522E791CE00AF4244 /* AppDelegate.swift */; };
		3C32827B22E791CE00AF4244 /* Main.storyboard in Resources */ = {isa = PBXBuildFile; fileRef = 3C32827922E791CE00AF4244 /* Main.storyboard */; };
		3C32827E22E791CE00AF4244 /* WeatherApp.xcdatamodeld in Sources */ = {isa = PBXBuildFile; fileRef = 3C32827C22E791CE00AF4244 /* WeatherApp.xcdatamodeld */; };
		3C32828022E791CF00AF4244 /* Assets.xcassets in Resources */ = {isa = PBXBuildFile; fileRef = 3C32827F22E791CF00AF4244 /* Assets.xcassets */; };
		3C32828322E791CF00AF4244 /* LaunchScreen.storyboard in Resources */ = {isa = PBXBuildFile; fileRef = 3C32828122E791CF00AF4244 /* LaunchScreen.storyboard */; };
		EE529AA1A3179272F8EBA578 /* Pods_WeatherApp.framework in Frameworks */ = {isa = PBXBuildFile; fileRef = 3828A46583B8B62793D0C865 /* Pods_WeatherApp.framework */; };
/* End PBXBuildFile section */

/* Begin PBXFileReference section */
		3828A46583B8B62793D0C865 /* Pods_WeatherApp.framework */ = {isa = PBXFileReference; explicitFileType = wrapper.framework; includeInIndex = 0; path = Pods_WeatherApp.framework; sourceTree = BUILT_PRODUCTS_DIR; };
		3C12F2C922E793D5006753B8 /* Forecast.swift */ = {isa = PBXFileReference; lastKnownFileType = sourcecode.swift; path = Forecast.swift; sourceTree = "<group>"; };
		3C12F2CC22E7AE5B006753B8 /* API.swift */ = {isa = PBXFileReference; lastKnownFileType = sourcecode.swift; path = API.swift; sourceTree = "<group>"; };
		3C12F2CE22E7AE71006753B8 /* WeatherDetailViewController.swift */ = {isa = PBXFileReference; lastKnownFileType = sourcecode.swift; path = WeatherDetailViewController.swift; sourceTree = "<group>"; };
		3C12F2D222E7AF28006753B8 /* MainViewController.swift */ = {isa = PBXFileReference; lastKnownFileType = sourcecode.swift; path = MainViewController.swift; sourceTree = "<group>"; };
		3C12F2D422E7B40C006753B8 /* WeatherCollectionViewCell.swift */ = {isa = PBXFileReference; lastKnownFileType = sourcecode.swift; path = WeatherCollectionViewCell.swift; sourceTree = "<group>"; };
		3C12F2D522E7B40C006753B8 /* WeatherCollectionViewCell.xib */ = {isa = PBXFileReference; lastKnownFileType = file.xib; path = WeatherCollectionViewCell.xib; sourceTree = "<group>"; };
		3C12F2DA22E7B71E006753B8 /* StateData.swift */ = {isa = PBXFileReference; lastKnownFileType = sourcecode.swift; path = StateData.swift; sourceTree = "<group>"; };
		3C12F2DC22E7BC1A006753B8 /* Location.swift */ = {isa = PBXFileReference; lastKnownFileType = sourcecode.swift; path = Location.swift; sourceTree = "<group>"; };
		3C12F2DE22E7C1B7006753B8 /* LocationViewController.swift */ = {isa = PBXFileReference; lastKnownFileType = sourcecode.swift; path = LocationViewController.swift; sourceTree = "<group>"; };
		3C12F2DF22E7C1B7006753B8 /* LocationViewController.xib */ = {isa = PBXFileReference; lastKnownFileType = file.xib; path = LocationViewController.xib; sourceTree = "<group>"; };
		3C12F2E622E7CEB3006753B8 /* RoundedBorderUIButton.swift */ = {isa = PBXFileReference; lastKnownFileType = sourcecode.swift; path = RoundedBorderUIButton.swift; sourceTree = "<group>"; };
		3C12F2E822E7D19D006753B8 /* RoundedColoredBorderUIButton.swift */ = {isa = PBXFileReference; lastKnownFileType = sourcecode.swift; path = RoundedColoredBorderUIButton.swift; sourceTree = "<group>"; };
		3C12F2EA22E7DC7B006753B8 /* BaseViewController.swift */ = {isa = PBXFileReference; lastKnownFileType = sourcecode.swift; path = BaseViewController.swift; sourceTree = "<group>"; };
		3C12F2ED22E7DE9A006753B8 /* url.plist */ = {isa = PBXFileReference; lastKnownFileType = text.plist.xml; path = url.plist; sourceTree = "<group>"; };
		3C12F2EF22E7E285006753B8 /* ConfigurationManager.swift */ = {isa = PBXFileReference; lastKnownFileType = sourcecode.swift; path = ConfigurationManager.swift; sourceTree = "<group>"; };
		3C12F2F122E7FCF6006753B8 /* TimeOfDay.swift */ = {isa = PBXFileReference; lastKnownFileType = sourcecode.swift; path = TimeOfDay.swift; sourceTree = "<group>"; };
		3C12F2F322E7FE72006753B8 /* Temperature.swift */ = {isa = PBXFileReference; lastKnownFileType = sourcecode.swift; path = Temperature.swift; sourceTree = "<group>"; };
		3C12F2F822E8036D006753B8 /* Int+Extension.swift */ = {isa = PBXFileReference; lastKnownFileType = sourcecode.swift; path = "Int+Extension.swift"; sourceTree = "<group>"; };
		3C32827222E791CE00AF4244 /* WeatherApp.app */ = {isa = PBXFileReference; explicitFileType = wrapper.application; includeInIndex = 0; path = WeatherApp.app; sourceTree = BUILT_PRODUCTS_DIR; };
		3C32827522E791CE00AF4244 /* AppDelegate.swift */ = {isa = PBXFileReference; lastKnownFileType = sourcecode.swift; path = AppDelegate.swift; sourceTree = "<group>"; };
		3C32827A22E791CE00AF4244 /* Base */ = {isa = PBXFileReference; lastKnownFileType = file.storyboard; name = Base; path = Base.lproj/Main.storyboard; sourceTree = "<group>"; };
		3C32827D22E791CE00AF4244 /* WeatherApp.xcdatamodel */ = {isa = PBXFileReference; lastKnownFileType = wrapper.xcdatamodel; path = WeatherApp.xcdatamodel; sourceTree = "<group>"; };
		3C32827F22E791CF00AF4244 /* Assets.xcassets */ = {isa = PBXFileReference; lastKnownFileType = folder.assetcatalog; path = Assets.xcassets; sourceTree = "<group>"; };
		3C32828222E791CF00AF4244 /* Base */ = {isa = PBXFileReference; lastKnownFileType = file.storyboard; name = Base; path = Base.lproj/LaunchScreen.storyboard; sourceTree = "<group>"; };
		3C32828422E791CF00AF4244 /* Info.plist */ = {isa = PBXFileReference; lastKnownFileType = text.plist.xml; path = Info.plist; sourceTree = "<group>"; };
		7A3C66C47ECAB8F146A42150 /* Pods-WeatherApp.release.xcconfig */ = {isa = PBXFileReference; includeInIndex = 1; lastKnownFileType = text.xcconfig; name = "Pods-WeatherApp.release.xcconfig"; path = "Target Support Files/Pods-WeatherApp/Pods-WeatherApp.release.xcconfig"; sourceTree = "<group>"; };
		DFEB5D0334260E43C1753F9E /* Pods-WeatherApp.debug.xcconfig */ = {isa = PBXFileReference; includeInIndex = 1; lastKnownFileType = text.xcconfig; name = "Pods-WeatherApp.debug.xcconfig"; path = "Target Support Files/Pods-WeatherApp/Pods-WeatherApp.debug.xcconfig"; sourceTree = "<group>"; };
/* End PBXFileReference section */

/* Begin PBXFrameworksBuildPhase section */
		3C32826F22E791CE00AF4244 /* Frameworks */ = {
			isa = PBXFrameworksBuildPhase;
			buildActionMask = 2147483647;
			files = (
				EE529AA1A3179272F8EBA578 /* Pods_WeatherApp.framework in Frameworks */,
			);
			runOnlyForDeploymentPostprocessing = 0;
		};
/* End PBXFrameworksBuildPhase section */

/* Begin PBXGroup section */
		350C78B9B5E1BB4D38BC0AF0 /* Frameworks */ = {
			isa = PBXGroup;
			children = (
				3828A46583B8B62793D0C865 /* Pods_WeatherApp.framework */,
			);
			name = Frameworks;
			sourceTree = "<group>";
		};
		3C12F2C522E79380006753B8 /* Models */ = {
			isa = PBXGroup;
			children = (
				3C12F2DC22E7BC1A006753B8 /* Location.swift */,
				3C12F2F322E7FE72006753B8 /* Temperature.swift */,
				3C12F2F122E7FCF6006753B8 /* TimeOfDay.swift */,
				3C12F2C922E793D5006753B8 /* Forecast.swift */,
			);
			path = Models;
			sourceTree = "<group>";
		};
		3C12F2C622E79390006753B8 /* Storyboards */ = {
			isa = PBXGroup;
			children = (
				3C32828122E791CF00AF4244 /* LaunchScreen.storyboard */,
				3C32827922E791CE00AF4244 /* Main.storyboard */,
			);
			path = Storyboards;
			sourceTree = "<group>";
		};
		3C12F2C722E7939A006753B8 /* ViewControllers */ = {
			isa = PBXGroup;
			children = (
				3C12F2EA22E7DC7B006753B8 /* BaseViewController.swift */,
				3C12F2D222E7AF28006753B8 /* MainViewController.swift */,
				3C12F2CE22E7AE71006753B8 /* WeatherDetailViewController.swift */,
				3C12F2DE22E7C1B7006753B8 /* LocationViewController.swift */,
				3C12F2DF22E7C1B7006753B8 /* LocationViewController.xib */,
			);
			path = ViewControllers;
			sourceTree = "<group>";
		};
		3C12F2C822E793AD006753B8 /* Views */ = {
			isa = PBXGroup;
			children = (
				3C12F2D422E7B40C006753B8 /* WeatherCollectionViewCell.swift */,
				3C12F2D522E7B40C006753B8 /* WeatherCollectionViewCell.xib */,
				3C12F2E622E7CEB3006753B8 /* RoundedBorderUIButton.swift */,
				3C12F2E822E7D19D006753B8 /* RoundedColoredBorderUIButton.swift */,
			);
			path = Views;
			sourceTree = "<group>";
		};
		3C12F2CB22E7AE4E006753B8 /* Data */ = {
			isa = PBXGroup;
			children = (
				3C12F2CC22E7AE5B006753B8 /* API.swift */,
				3C12F2DA22E7B71E006753B8 /* StateData.swift */,
			);
			path = Data;
			sourceTree = "<group>";
		};
		3C12F2EC22E7DE71006753B8 /* Configuration */ = {
			isa = PBXGroup;
			children = (
				3C12F2EF22E7E285006753B8 /* ConfigurationManager.swift */,
				3C12F2ED22E7DE9A006753B8 /* url.plist */,
			);
			path = Configuration;
			sourceTree = "<group>";
		};
		3C12F2F522E8030C006753B8 /* Extensions */ = {
			isa = PBXGroup;
			children = (
				3C12F2F822E8036D006753B8 /* Int+Extension.swift */,
			);
			path = Extensions;
			sourceTree = "<group>";
		};
		3C32826922E791CE00AF4244 = {
			isa = PBXGroup;
			children = (
				3C32827422E791CE00AF4244 /* WeatherApp */,
				3C32827322E791CE00AF4244 /* Products */,
				833313296AFF823BB8FDB78D /* Pods */,
				350C78B9B5E1BB4D38BC0AF0 /* Frameworks */,
			);
			sourceTree = "<group>";
		};
		3C32827322E791CE00AF4244 /* Products */ = {
			isa = PBXGroup;
			children = (
				3C32827222E791CE00AF4244 /* WeatherApp.app */,
			);
			name = Products;
			sourceTree = "<group>";
		};
		3C32827422E791CE00AF4244 /* WeatherApp */ = {
			isa = PBXGroup;
			children = (
				3C32827522E791CE00AF4244 /* AppDelegate.swift */,
				3C32828422E791CF00AF4244 /* Info.plist */,
				3C12F2EC22E7DE71006753B8 /* Configuration */,
				3C12F2CB22E7AE4E006753B8 /* Data */,
				3C12F2F522E8030C006753B8 /* Extensions */,
				3C12F2C522E79380006753B8 /* Models */,
				3C12F2C622E79390006753B8 /* Storyboards */,
				3C12F2C722E7939A006753B8 /* ViewControllers */,
				3C12F2C822E793AD006753B8 /* Views */,
				3C32827F22E791CF00AF4244 /* Assets.xcassets */,
				3C32827C22E791CE00AF4244 /* WeatherApp.xcdatamodeld */,
			);
			path = WeatherApp;
			sourceTree = "<group>";
		};
		833313296AFF823BB8FDB78D /* Pods */ = {
			isa = PBXGroup;
			children = (
				DFEB5D0334260E43C1753F9E /* Pods-WeatherApp.debug.xcconfig */,
				7A3C66C47ECAB8F146A42150 /* Pods-WeatherApp.release.xcconfig */,
			);
			path = Pods;
			sourceTree = "<group>";
		};
/* End PBXGroup section */

/* Begin PBXNativeTarget section */
		3C32827122E791CE00AF4244 /* WeatherApp */ = {
			isa = PBXNativeTarget;
			buildConfigurationList = 3C32828722E791CF00AF4244 /* Build configuration list for PBXNativeTarget "WeatherApp" */;
			buildPhases = (
				EA8F11BCE434BE777E324A75 /* [CP] Check Pods Manifest.lock */,
				3C32826E22E791CE00AF4244 /* Sources */,
				3C32826F22E791CE00AF4244 /* Frameworks */,
				3C32827022E791CE00AF4244 /* Resources */,
				A96B9D0C9EAEF72678C0ABB6 /* [CP] Embed Pods Frameworks */,
			);
			buildRules = (
			);
			dependencies = (
			);
			name = WeatherApp;
			productName = WeatherApp;
			productReference = 3C32827222E791CE00AF4244 /* WeatherApp.app */;
			productType = "com.apple.product-type.application";
		};
/* End PBXNativeTarget section */

/* Begin PBXProject section */
		3C32826A22E791CE00AF4244 /* Project object */ = {
			isa = PBXProject;
			attributes = {
				LastSwiftUpdateCheck = 1020;
				LastUpgradeCheck = 1020;
				ORGANIZATIONNAME = "Project Yato";
				TargetAttributes = {
					3C32827122E791CE00AF4244 = {
						CreatedOnToolsVersion = 10.2.1;
					};
				};
			};
			buildConfigurationList = 3C32826D22E791CE00AF4244 /* Build configuration list for PBXProject "WeatherApp" */;
			compatibilityVersion = "Xcode 9.3";
			developmentRegion = en;
			hasScannedForEncodings = 0;
			knownRegions = (
				en,
				Base,
			);
			mainGroup = 3C32826922E791CE00AF4244;
			productRefGroup = 3C32827322E791CE00AF4244 /* Products */;
			projectDirPath = "";
			projectRoot = "";
			targets = (
				3C32827122E791CE00AF4244 /* WeatherApp */,
			);
		};
/* End PBXProject section */

/* Begin PBXResourcesBuildPhase section */
		3C32827022E791CE00AF4244 /* Resources */ = {
			isa = PBXResourcesBuildPhase;
			buildActionMask = 2147483647;
			files = (
				3C32828322E791CF00AF4244 /* LaunchScreen.storyboard in Resources */,
				3C12F2E122E7C1B7006753B8 /* LocationViewController.xib in Resources */,
				3C32828022E791CF00AF4244 /* Assets.xcassets in Resources */,
				3C12F2D722E7B40C006753B8 /* WeatherCollectionViewCell.xib in Resources */,
				3C12F2EE22E7DE9A006753B8 /* url.plist in Resources */,
				3C32827B22E791CE00AF4244 /* Main.storyboard in Resources */,
			);
			runOnlyForDeploymentPostprocessing = 0;
		};
/* End PBXResourcesBuildPhase section */

/* Begin PBXShellScriptBuildPhase section */
		A96B9D0C9EAEF72678C0ABB6 /* [CP] Embed Pods Frameworks */ = {
			isa = PBXShellScriptBuildPhase;
			buildActionMask = 2147483647;
			files = (
			);
			inputFileListPaths = (
			);
			inputPaths = (
				"${PODS_ROOT}/Target Support Files/Pods-WeatherApp/Pods-WeatherApp-frameworks.sh",
				"${BUILT_PRODUCTS_DIR}/Alamofire/Alamofire.framework",
				"${BUILT_PRODUCTS_DIR}/Log/Log.framework",
			);
			name = "[CP] Embed Pods Frameworks";
			outputFileListPaths = (
			);
			outputPaths = (
				"${TARGET_BUILD_DIR}/${FRAMEWORKS_FOLDER_PATH}/Alamofire.framework",
				"${TARGET_BUILD_DIR}/${FRAMEWORKS_FOLDER_PATH}/Log.framework",
			);
			runOnlyForDeploymentPostprocessing = 0;
			shellPath = /bin/sh;
			shellScript = "\"${PODS_ROOT}/Target Support Files/Pods-WeatherApp/Pods-WeatherApp-frameworks.sh\"\n";
			showEnvVarsInLog = 0;
		};
		EA8F11BCE434BE777E324A75 /* [CP] Check Pods Manifest.lock */ = {
			isa = PBXShellScriptBuildPhase;
			buildActionMask = 2147483647;
			files = (
			);
			inputFileListPaths = (
			);
			inputPaths = (
				"${PODS_PODFILE_DIR_PATH}/Podfile.lock",
				"${PODS_ROOT}/Manifest.lock",
			);
			name = "[CP] Check Pods Manifest.lock";
			outputFileListPaths = (
			);
			outputPaths = (
				"$(DERIVED_FILE_DIR)/Pods-WeatherApp-checkManifestLockResult.txt",
			);
			runOnlyForDeploymentPostprocessing = 0;
			shellPath = /bin/sh;
			shellScript = "diff \"${PODS_PODFILE_DIR_PATH}/Podfile.lock\" \"${PODS_ROOT}/Manifest.lock\" > /dev/null\nif [ $? != 0 ] ; then\n    # print error to STDERR\n    echo \"error: The sandbox is not in sync with the Podfile.lock. Run 'pod install' or update your CocoaPods installation.\" >&2\n    exit 1\nfi\n# This output is used by Xcode 'outputs' to avoid re-running this script phase.\necho \"SUCCESS\" > \"${SCRIPT_OUTPUT_FILE_0}\"\n";
			showEnvVarsInLog = 0;
		};
/* End PBXShellScriptBuildPhase section */

/* Begin PBXSourcesBuildPhase section */
		3C32826E22E791CE00AF4244 /* Sources */ = {
			isa = PBXSourcesBuildPhase;
			buildActionMask = 2147483647;
			files = (
				3C12F2EB22E7DC7B006753B8 /* BaseViewController.swift in Sources */,
				3C12F2E922E7D19D006753B8 /* RoundedColoredBorderUIButton.swift in Sources */,
				3C12F2F222E7FCF6006753B8 /* TimeOfDay.swift in Sources */,
				3C12F2F922E8036D006753B8 /* Int+Extension.swift in Sources */,
				3C12F2D022E7AE71006753B8 /* WeatherDetailViewController.swift in Sources */,
				3C12F2CA22E793D5006753B8 /* Forecast.swift in Sources */,
				3C32827E22E791CE00AF4244 /* WeatherApp.xcdatamodeld in Sources */,
				3C12F2D322E7AF28006753B8 /* MainViewController.swift in Sources */,
				3C12F2DD22E7BC1A006753B8 /* Location.swift in Sources */,
				3C12F2E022E7C1B7006753B8 /* LocationViewController.swift in Sources */,
				3C32827622E791CE00AF4244 /* AppDelegate.swift in Sources */,
				3C12F2F422E7FE72006753B8 /* Temperature.swift in Sources */,
				3C12F2E722E7CEB3006753B8 /* RoundedBorderUIButton.swift in Sources */,
				3C12F2F022E7E285006753B8 /* ConfigurationManager.swift in Sources */,
				3C12F2DB22E7B71E006753B8 /* StateData.swift in Sources */,
				3C12F2CD22E7AE5B006753B8 /* API.swift in Sources */,
				3C12F2D622E7B40C006753B8 /* WeatherCollectionViewCell.swift in Sources */,
			);
			runOnlyForDeploymentPostprocessing = 0;
		};
/* End PBXSourcesBuildPhase section */

/* Begin PBXVariantGroup section */
		3C32827922E791CE00AF4244 /* Main.storyboard */ = {
			isa = PBXVariantGroup;
			children = (
				3C32827A22E791CE00AF4244 /* Base */,
			);
			name = Main.storyboard;
			sourceTree = "<group>";
		};
		3C32828122E791CF00AF4244 /* LaunchScreen.storyboard */ = {
			isa = PBXVariantGroup;
			children = (
				3C32828222E791CF00AF4244 /* Base */,
			);
			name = LaunchScreen.storyboard;
			sourceTree = "<group>";
		};
/* End PBXVariantGroup section */

/* Begin XCBuildConfiguration section */
		3C32828522E791CF00AF4244 /* Debug */ = {
			isa = XCBuildConfiguration;
			buildSettings = {
				ALWAYS_SEARCH_USER_PATHS = NO;
				CLANG_ANALYZER_NONNULL = YES;
				CLANG_ANALYZER_NUMBER_OBJECT_CONVERSION = YES_AGGRESSIVE;
				CLANG_CXX_LANGUAGE_STANDARD = "gnu++14";
				CLANG_CXX_LIBRARY = "libc++";
				CLANG_ENABLE_MODULES = YES;
				CLANG_ENABLE_OBJC_ARC = YES;
				CLANG_ENABLE_OBJC_WEAK = YES;
				CLANG_WARN_BLOCK_CAPTURE_AUTORELEASING = YES;
				CLANG_WARN_BOOL_CONVERSION = YES;
				CLANG_WARN_COMMA = YES;
				CLANG_WARN_CONSTANT_CONVERSION = YES;
				CLANG_WARN_DEPRECATED_OBJC_IMPLEMENTATIONS = YES;
				CLANG_WARN_DIRECT_OBJC_ISA_USAGE = YES_ERROR;
				CLANG_WARN_DOCUMENTATION_COMMENTS = YES;
				CLANG_WARN_EMPTY_BODY = YES;
				CLANG_WARN_ENUM_CONVERSION = YES;
				CLANG_WARN_INFINITE_RECURSION = YES;
				CLANG_WARN_INT_CONVERSION = YES;
				CLANG_WARN_NON_LITERAL_NULL_CONVERSION = YES;
				CLANG_WARN_OBJC_IMPLICIT_RETAIN_SELF = YES;
				CLANG_WARN_OBJC_LITERAL_CONVERSION = YES;
				CLANG_WARN_OBJC_ROOT_CLASS = YES_ERROR;
				CLANG_WARN_RANGE_LOOP_ANALYSIS = YES;
				CLANG_WARN_STRICT_PROTOTYPES = YES;
				CLANG_WARN_SUSPICIOUS_MOVE = YES;
				CLANG_WARN_UNGUARDED_AVAILABILITY = YES_AGGRESSIVE;
				CLANG_WARN_UNREACHABLE_CODE = YES;
				CLANG_WARN__DUPLICATE_METHOD_MATCH = YES;
				CODE_SIGN_IDENTITY = "iPhone Developer";
				COPY_PHASE_STRIP = NO;
				DEBUG_INFORMATION_FORMAT = dwarf;
				ENABLE_STRICT_OBJC_MSGSEND = YES;
				ENABLE_TESTABILITY = YES;
				GCC_C_LANGUAGE_STANDARD = gnu11;
				GCC_DYNAMIC_NO_PIC = NO;
				GCC_NO_COMMON_BLOCKS = YES;
				GCC_OPTIMIZATION_LEVEL = 0;
				GCC_PREPROCESSOR_DEFINITIONS = (
					"DEBUG=1",
					"$(inherited)",
				);
				GCC_WARN_64_TO_32_BIT_CONVERSION = YES;
				GCC_WARN_ABOUT_RETURN_TYPE = YES_ERROR;
				GCC_WARN_UNDECLARED_SELECTOR = YES;
				GCC_WARN_UNINITIALIZED_AUTOS = YES_AGGRESSIVE;
				GCC_WARN_UNUSED_FUNCTION = YES;
				GCC_WARN_UNUSED_VARIABLE = YES;
				IPHONEOS_DEPLOYMENT_TARGET = 12.2;
				MTL_ENABLE_DEBUG_INFO = INCLUDE_SOURCE;
				MTL_FAST_MATH = YES;
				ONLY_ACTIVE_ARCH = YES;
				SDKROOT = iphoneos;
				SWIFT_ACTIVE_COMPILATION_CONDITIONS = DEBUG;
				SWIFT_OPTIMIZATION_LEVEL = "-Onone";
			};
			name = Debug;
		};
		3C32828622E791CF00AF4244 /* Release */ = {
			isa = XCBuildConfiguration;
			buildSettings = {
				ALWAYS_SEARCH_USER_PATHS = NO;
				CLANG_ANALYZER_NONNULL = YES;
				CLANG_ANALYZER_NUMBER_OBJECT_CONVERSION = YES_AGGRESSIVE;
				CLANG_CXX_LANGUAGE_STANDARD = "gnu++14";
				CLANG_CXX_LIBRARY = "libc++";
				CLANG_ENABLE_MODULES = YES;
				CLANG_ENABLE_OBJC_ARC = YES;
				CLANG_ENABLE_OBJC_WEAK = YES;
				CLANG_WARN_BLOCK_CAPTURE_AUTORELEASING = YES;
				CLANG_WARN_BOOL_CONVERSION = YES;
				CLANG_WARN_COMMA = YES;
				CLANG_WARN_CONSTANT_CONVERSION = YES;
				CLANG_WARN_DEPRECATED_OBJC_IMPLEMENTATIONS = YES;
				CLANG_WARN_DIRECT_OBJC_ISA_USAGE = YES_ERROR;
				CLANG_WARN_DOCUMENTATION_COMMENTS = YES;
				CLANG_WARN_EMPTY_BODY = YES;
				CLANG_WARN_ENUM_CONVERSION = YES;
				CLANG_WARN_INFINITE_RECURSION = YES;
				CLANG_WARN_INT_CONVERSION = YES;
				CLANG_WARN_NON_LITERAL_NULL_CONVERSION = YES;
				CLANG_WARN_OBJC_IMPLICIT_RETAIN_SELF = YES;
				CLANG_WARN_OBJC_LITERAL_CONVERSION = YES;
				CLANG_WARN_OBJC_ROOT_CLASS = YES_ERROR;
				CLANG_WARN_RANGE_LOOP_ANALYSIS = YES;
				CLANG_WARN_STRICT_PROTOTYPES = YES;
				CLANG_WARN_SUSPICIOUS_MOVE = YES;
				CLANG_WARN_UNGUARDED_AVAILABILITY = YES_AGGRESSIVE;
				CLANG_WARN_UNREACHABLE_CODE = YES;
				CLANG_WARN__DUPLICATE_METHOD_MATCH = YES;
				CODE_SIGN_IDENTITY = "iPhone Developer";
				COPY_PHASE_STRIP = NO;
				DEBUG_INFORMATION_FORMAT = "dwarf-with-dsym";
				ENABLE_NS_ASSERTIONS = NO;
				ENABLE_STRICT_OBJC_MSGSEND = YES;
				GCC_C_LANGUAGE_STANDARD = gnu11;
				GCC_NO_COMMON_BLOCKS = YES;
				GCC_WARN_64_TO_32_BIT_CONVERSION = YES;
				GCC_WARN_ABOUT_RETURN_TYPE = YES_ERROR;
				GCC_WARN_UNDECLARED_SELECTOR = YES;
				GCC_WARN_UNINITIALIZED_AUTOS = YES_AGGRESSIVE;
				GCC_WARN_UNUSED_FUNCTION = YES;
				GCC_WARN_UNUSED_VARIABLE = YES;
				IPHONEOS_DEPLOYMENT_TARGET = 12.2;
				MTL_ENABLE_DEBUG_INFO = NO;
				MTL_FAST_MATH = YES;
				SDKROOT = iphoneos;
				SWIFT_COMPILATION_MODE = wholemodule;
				SWIFT_OPTIMIZATION_LEVEL = "-O";
				VALIDATE_PRODUCT = YES;
			};
			name = Release;
		};
		3C32828822E791CF00AF4244 /* Debug */ = {
			isa = XCBuildConfiguration;
			baseConfigurationReference = DFEB5D0334260E43C1753F9E /* Pods-WeatherApp.debug.xcconfig */;
			buildSettings = {
				ASSETCATALOG_COMPILER_APPICON_NAME = AppIcon;
				CODE_SIGN_STYLE = Automatic;
				DEVELOPMENT_TEAM = 2L6V7864FH;
				INFOPLIST_FILE = WeatherApp/Info.plist;
				LD_RUNPATH_SEARCH_PATHS = (
					"$(inherited)",
					"@executable_path/Frameworks",
				);
				PRODUCT_BUNDLE_IDENTIFIER = projectyato.com.WeatherApp;
				PRODUCT_NAME = "$(TARGET_NAME)";
				SWIFT_VERSION = 5.0;
				TARGETED_DEVICE_FAMILY = "1,2";
			};
			name = Debug;
		};
		3C32828922E791CF00AF4244 /* Release */ = {
			isa = XCBuildConfiguration;
			baseConfigurationReference = 7A3C66C47ECAB8F146A42150 /* Pods-WeatherApp.release.xcconfig */;
			buildSettings = {
				ASSETCATALOG_COMPILER_APPICON_NAME = AppIcon;
				CODE_SIGN_STYLE = Automatic;
				DEVELOPMENT_TEAM = 2L6V7864FH;
				INFOPLIST_FILE = WeatherApp/Info.plist;
				LD_RUNPATH_SEARCH_PATHS = (
					"$(inherited)",
					"@executable_path/Frameworks",
				);
				PRODUCT_BUNDLE_IDENTIFIER = projectyato.com.WeatherApp;
				PRODUCT_NAME = "$(TARGET_NAME)";
				SWIFT_VERSION = 5.0;
				TARGETED_DEVICE_FAMILY = "1,2";
			};
			name = Release;
		};
/* End XCBuildConfiguration section */

/* Begin XCConfigurationList section */
		3C32826D22E791CE00AF4244 /* Build configuration list for PBXProject "WeatherApp" */ = {
			isa = XCConfigurationList;
			buildConfigurations = (
				3C32828522E791CF00AF4244 /* Debug */,
				3C32828622E791CF00AF4244 /* Release */,
			);
			defaultConfigurationIsVisible = 0;
			defaultConfigurationName = Release;
		};
		3C32828722E791CF00AF4244 /* Build configuration list for PBXNativeTarget "WeatherApp" */ = {
			isa = XCConfigurationList;
			buildConfigurations = (
				3C32828822E791CF00AF4244 /* Debug */,
				3C32828922E791CF00AF4244 /* Release */,
			);
			defaultConfigurationIsVisible = 0;
			defaultConfigurationName = Release;
		};
/* End XCConfigurationList section */

/* Begin XCVersionGroup section */
		3C32827C22E791CE00AF4244 /* WeatherApp.xcdatamodeld */ = {
			isa = XCVersionGroup;
			children = (
				3C32827D22E791CE00AF4244 /* WeatherApp.xcdatamodel */,
			);
			currentVersion = 3C32827D22E791CE00AF4244 /* WeatherApp.xcdatamodel */;
			path = WeatherApp.xcdatamodeld;
			sourceTree = "<group>";
			versionGroupType = wrapper.xcdatamodel;
		};
/* End XCVersionGroup section */
	};
	rootObject = 3C32826A22E791CE00AF4244 /* Project object */;
}
